
Microsoft Visual Studio Solution File, Format Version 12.00
# Visual Studio Version 16
VisualStudioVersion = 16.0.31624.102
MinimumVisualStudioVersion = 10.0.40219.1
Project("{8BC9CEB8-8B4A-11D0-8D11-00A0C91BC942}") = "HuffmanCodding", "HuffmanCodding\HuffmanCodding.vcxproj", "{AE1742CE-6FAA-44DD-9165-968F2571ECB0}"
EndProject
Global
	GlobalSection(SolutionConfigurationPlatforms) = preSolution
		Debug|x64 = Debug|x64
		Debug|x86 = Debug|x86
		Release|x64 = Release|x64
		Release|x86 = Release|x86
	EndGlobalSection
	GlobalSection(ProjectConfigurationPlatforms) = postSolution
		{AE1742CE-6FAA-44DD-9165-968F2571ECB0}.Debug|x64.ActiveCfg = Debug|x64
		{AE1742CE-6FAA-44DD-9165-968F2571ECB0}.Debug|x64.Build.0 = Debug|x64
		{AE1742CE-6FAA-44DD-9165-968F2571ECB0}.Debug|x86.ActiveCfg = Debug|Win32
		{AE1742CE-6FAA-44DD-9165-968F2571ECB0}.Debug|x86.Build.0 = Debug|Win32
		{AE1742CE-6FAA-44DD-9165-968F2571ECB0}.Release|x64.ActiveCfg = Release|x64
		{AE1742CE-6FAA-44DD-9165-968F2571ECB0}.Release|x64.Build.0 = Release|x64
		{AE1742CE-6FAA-44DD-9165-968F2571ECB0}.Release|x86.ActiveCfg = Release|Win32
		{AE1742CE-6FAA-44DD-9165-968F2571ECB0}.Release|x86.Build.0 = Release|Win32
	EndGlobalSection
	GlobalSection(SolutionProperties) = preSolution
		HideSolutionNode = FALSE
	EndGlobalSection
	GlobalSection(ExtensibilityGlobals) = postSolution
		SolutionGuid = {78BCA4DB-E1A1-4249-9751-0D3E03E682C4}
	EndGlobalSection
EndGlobal
